<?xml version="1.0" encoding="utf-8"?>
<Project ToolsVersion="4.0" xmlns="http://schemas.microsoft.com/developer/msbuild/2003">
  <ItemGroup>
    <Filter Include="Managers">
      <UniqueIdentifier>{f00b7dae-6134-4987-aa86-067f933e4e1c}</UniqueIdentifier>
    </Filter>
    <Filter Include="Utility">
      <UniqueIdentifier>{4FC737F1-C7A5-4376-A066-2A32D752A2FF}</UniqueIdentifier>
      <Extensions>cpp;c;cc;cxx;def;odl;idl;hpj;bat;asm;asmx</Extensions>
    </Filter>
    <Filter Include="Graphics">
      <UniqueIdentifier>{8c6e99a5-146b-4c36-b87e-e949fb8eae31}</UniqueIdentifier>
    </Filter>
    <Filter Include="Graphics\Shader Files">
      <UniqueIdentifier>{67DA6AB6-F800-4c08-8B7A-83BB121AAD01}</UniqueIdentifier>
      <Extensions>rc;ico;cur;bmp;dlg;rc2;rct;bin;rgs;gif;jpg;jpeg;jpe;resx;tiff;tif;png;wav;mfcribbon-ms</Extensions>
    </Filter>
    <Filter Include="Game">
      <UniqueIdentifier>{3ce96684-e8b1-4bdd-b7b2-714705ffd91b}</UniqueIdentifier>
    </Filter>
    <Filter Include="Game\Screens">
      <UniqueIdentifier>{6623ff23-415d-4457-9cb4-d41fbee1b879}</UniqueIdentifier>
    </Filter>
    <Filter Include="Game\Objects">
      <UniqueIdentifier>{18048128-84d1-4aaf-bd0f-7606bc91e52c}</UniqueIdentifier>
    </Filter>
    <Filter Include="Graphics\Shader Files\TextureShader">
      <UniqueIdentifier>{60099e98-e76a-487e-8e7d-93e1635f1293}</UniqueIdentifier>
    </Filter>
    <Filter Include="Graphics\Graphic Types">
      <UniqueIdentifier>{dcc0d1e0-c38a-4fd1-95d9-9b80447c25fe}</UniqueIdentifier>
    </Filter>
    <Filter Include="Graphics\Texture Types">
      <UniqueIdentifier>{3712c752-b4c8-4d0f-9c55-64db36d33482}</UniqueIdentifier>
    </Filter>
    <Filter Include="Graphics\Model Types">
      <UniqueIdentifier>{56e1f5e6-8ed2-47be-b3bd-661f0d0ba925}</UniqueIdentifier>
    </Filter>
    <Filter Include="Graphics\Shader Files\LightShader">
      <UniqueIdentifier>{3cb480c3-ae70-431b-9717-8fd6973457db}</UniqueIdentifier>
    </Filter>
    <Filter Include="Graphics\Shader Files\BlurShader">
      <UniqueIdentifier>{4ac081f2-8975-4137-a4ec-698f6c0cf8a6}</UniqueIdentifier>
    </Filter>
    <Filter Include="Graphics\Shader Files\GlowMapShader">
      <UniqueIdentifier>{b909c97d-7db3-4f14-81d0-f23ac80e6f69}</UniqueIdentifier>
    </Filter>
    <Filter Include="Graphics\Shader Files\GlowShader">
      <UniqueIdentifier>{9ddc5589-5d3f-483d-a144-39d2f2c0f324}</UniqueIdentifier>
    </Filter>
  </ItemGroup>
  <ItemGroup>
    <ClCompile Include="Main.cpp">
      <Filter>Utility</Filter>
    </ClCompile>
    <ClCompile Include="SystemManager.cpp">
      <Filter>Managers</Filter>
    </ClCompile>
    <ClCompile Include="Util.cpp">
      <Filter>Utility</Filter>
    </ClCompile>
    <ClCompile Include="Coord.cpp">
      <Filter>Utility</Filter>
    </ClCompile>
    <ClCompile Include="GraphicsManager.cpp">
      <Filter>Managers</Filter>
    </ClCompile>
    <ClCompile Include="D3DManager.cpp">
      <Filter>Managers</Filter>
    </ClCompile>
    <ClCompile Include="InputManager.cpp">
      <Filter>Managers</Filter>
    </ClCompile>
    <ClCompile Include="Shader.cpp">
      <Filter>Graphics\Shader Files</Filter>
    </ClCompile>
    <ClCompile Include="GameManager.cpp">
      <Filter>Managers</Filter>
    </ClCompile>
    <ClCompile Include="TitleScreen.cpp">
      <Filter>Game\Screens</Filter>
    </ClCompile>
    <ClCompile Include="Camera.cpp">
      <Filter>Graphics</Filter>
    </ClCompile>
    <ClCompile Include="GameObject.cpp">
      <Filter>Game\Objects</Filter>
    </ClCompile>
    <ClCompile Include="TextureShader.cpp">
      <Filter>Graphics\Shader Files\TextureShader</Filter>
    </ClCompile>
    <ClCompile Include="Graphic.cpp">
      <Filter>Graphics\Graphic Types</Filter>
    </ClCompile>
    <ClCompile Include="Image.cpp">
      <Filter>Graphics\Graphic Types</Filter>
    </ClCompile>
    <ClCompile Include="Texture.cpp">
      <Filter>Graphics\Texture Types</Filter>
    </ClCompile>
    <ClCompile Include="Font.cpp">
      <Filter>Graphics\Texture Types</Filter>
    </ClCompile>
    <ClCompile Include="Model.cpp">
      <Filter>Graphics\Model Types</Filter>
    </ClCompile>
    <ClCompile Include="Quad.cpp">
      <Filter>Graphics\Model Types</Filter>
    </ClCompile>
    <ClCompile Include="Sentence.cpp">
      <Filter>Graphics\Model Types</Filter>
    </ClCompile>
    <ClCompile Include="Text.cpp">
      <Filter>Graphics\Graphic Types</Filter>
    </ClCompile>
    <ClCompile Include="Planet.cpp">
      <Filter>Game\Objects</Filter>
    </ClCompile>
    <ClCompile Include="MouseLookCamera.cpp">
      <Filter>Game\Objects</Filter>
    </ClCompile>
    <ClCompile Include="TimerManager.cpp">
      <Filter>Managers</Filter>
    </ClCompile>
    <ClCompile Include="Billboard.cpp">
      <Filter>Graphics\Graphic Types</Filter>
    </ClCompile>
    <ClCompile Include="ParticleSystem.cpp">
      <Filter>Game\Objects</Filter>
    </ClCompile>
    <ClCompile Include="LightShader.cpp">
      <Filter>Graphics\Shader Files\LightShader</Filter>
    </ClCompile>
    <ClCompile Include="AssetManager.cpp">
      <Filter>Managers</Filter>
    </ClCompile>
    <ClCompile Include="LightManager.cpp">
      <Filter>Managers</Filter>
    </ClCompile>
    <ClCompile Include="Mesh.cpp">
      <Filter>Graphics\Model Types</Filter>
    </ClCompile>
    <ClCompile Include="Screen.cpp">
      <Filter>Game\Screens</Filter>
    </ClCompile>
    <ClCompile Include="BlurShader.cpp">
      <Filter>Graphics\Shader Files\BlurShader</Filter>
    </ClCompile>
    <ClCompile Include="GlowMapShader.cpp">
      <Filter>Graphics\Shader Files\GlowMapShader</Filter>
    </ClCompile>
    <ClCompile Include="GlowShader.cpp">
      <Filter>Graphics\Shader Files\GlowShader</Filter>
    </ClCompile>
    <ClCompile Include="Skybox.cpp">
      <Filter>Graphics\Graphic Types</Filter>
    </ClCompile>
    <ClCompile Include="LevelScreen.cpp">
      <Filter>Game\Screens</Filter>
    </ClCompile>
    <ClCompile Include="Player.cpp">
      <Filter>Game\Objects</Filter>
    </ClCompile>
  </ItemGroup>
  <ItemGroup>
    <ClInclude Include="SystemManager.h">
      <Filter>Managers</Filter>
    </ClInclude>
    <ClInclude Include="Util.h">
      <Filter>Utility</Filter>
    </ClInclude>
    <ClInclude Include="Coord.h">
      <Filter>Utility</Filter>
    </ClInclude>
    <ClInclude Include="GraphicsManager.h">
      <Filter>Managers</Filter>
    </ClInclude>
    <ClInclude Include="D3DManager.h">
      <Filter>Managers</Filter>
    </ClInclude>
    <ClInclude Include="InputManager.h">
      <Filter>Managers</Filter>
    </ClInclude>
    <ClInclude Include="Shader.h">
      <Filter>Graphics\Shader Files</Filter>
    </ClInclude>
    <ClInclude Include="GameManager.h">
      <Filter>Managers</Filter>
    </ClInclude>
    <ClInclude Include="Screen.h">
      <Filter>Game\Screens</Filter>
    </ClInclude>
    <ClInclude Include="Singleton.h">
      <Filter>Utility</Filter>
    </ClInclude>
    <ClInclude Include="TitleScreen.h">
      <Filter>Game\Screens</Filter>
    </ClInclude>
    <ClInclude Include="Camera.h">
      <Filter>Graphics</Filter>
    </ClInclude>
    <ClInclude Include="GameObject.h">
      <Filter>Game\Objects</Filter>
    </ClInclude>
    <ClInclude Include="TextureShader.h">
      <Filter>Graphics\Shader Files\TextureShader</Filter>
    </ClInclude>
    <ClInclude Include="Graphic.h">
      <Filter>Graphics\Graphic Types</Filter>
    </ClInclude>
    <ClInclude Include="Image.h">
      <Filter>Graphics\Graphic Types</Filter>
    </ClInclude>
    <ClInclude Include="resource.h" />
    <ClInclude Include="VertexType.h">
      <Filter>Graphics</Filter>
    </ClInclude>
    <ClInclude Include="Texture.h">
      <Filter>Graphics\Texture Types</Filter>
    </ClInclude>
    <ClInclude Include="Font.h">
      <Filter>Graphics\Texture Types</Filter>
    </ClInclude>
    <ClInclude Include="Text.h">
      <Filter>Graphics\Graphic Types</Filter>
    </ClInclude>
    <ClInclude Include="Model.h">
      <Filter>Graphics\Model Types</Filter>
    </ClInclude>
    <ClInclude Include="Quad.h">
      <Filter>Graphics\Model Types</Filter>
    </ClInclude>
    <ClInclude Include="Sentence.h">
      <Filter>Graphics\Model Types</Filter>
    </ClInclude>
    <ClInclude Include="Planet.h">
      <Filter>Game\Objects</Filter>
    </ClInclude>
    <ClInclude Include="MouseLookCamera.h">
      <Filter>Game\Objects</Filter>
    </ClInclude>
    <ClInclude Include="TimerManager.h">
      <Filter>Managers</Filter>
    </ClInclude>
    <ClInclude Include="Billboard.h">
      <Filter>Graphics\Graphic Types</Filter>
    </ClInclude>
    <ClInclude Include="ParticleSystem.h">
      <Filter>Game\Objects</Filter>
    </ClInclude>
    <ClInclude Include="LightShader.h">
      <Filter>Graphics\Shader Files\LightShader</Filter>
    </ClInclude>
    <ClInclude Include="AssetManager.h">
      <Filter>Managers</Filter>
    </ClInclude>
    <ClInclude Include="Material.h">
      <Filter>Graphics\Graphic Types</Filter>
    </ClInclude>
    <ClInclude Include="LightManager.h">
      <Filter>Managers</Filter>
    </ClInclude>
    <ClInclude Include="Mesh.h">
      <Filter>Graphics\Model Types</Filter>
    </ClInclude>
    <ClInclude Include="BlurShader.h">
      <Filter>Graphics\Shader Files\BlurShader</Filter>
    </ClInclude>
    <ClInclude Include="GlowMapShader.h">
      <Filter>Graphics\Shader Files\GlowMapShader</Filter>
    </ClInclude>
    <ClInclude Include="GlowShader.h">
      <Filter>Graphics\Shader Files\GlowShader</Filter>
    </ClInclude>
    <ClInclude Include="SkyBox.h">
      <Filter>Graphics\Graphic Types</Filter>
    </ClInclude>
    <ClInclude Include="LevelScreen.h">
      <Filter>Game\Screens</Filter>
    </ClInclude>
    <ClInclude Include="Player.h">
      <Filter>Game\Objects</Filter>
    </ClInclude>
  </ItemGroup>
  <ItemGroup>
    <None Include="texture.ps">
      <Filter>Graphics\Shader Files\TextureShader</Filter>
    </None>
    <None Include="texture.vs">
      <Filter>Graphics\Shader Files\TextureShader</Filter>
    </None>
    <None Include="light.vs">
      <Filter>Graphics\Shader Files\LightShader</Filter>
    </None>
    <None Include="light.ps">
      <Filter>Graphics\Shader Files\LightShader</Filter>
    </None>
    <None Include="blur.ps">
      <Filter>Graphics\Shader Files\BlurShader</Filter>
    </None>
    <None Include="blur.vs">
      <Filter>Graphics\Shader Files\BlurShader</Filter>
    </None>
    <None Include="glowmap.ps">
      <Filter>Graphics\Shader Files\GlowMapShader</Filter>
    </None>
    <None Include="glowmap.vs">
      <Filter>Graphics\Shader Files\GlowMapShader</Filter>
    </None>
    <None Include="glow.ps">
      <Filter>Graphics\Shader Files\GlowShader</Filter>
    </None>
    <None Include="glow.vs">
      <Filter>Graphics\Shader Files\GlowShader</Filter>
    </None>
  </ItemGroup>
  <ItemGroup>
    <ResourceCompile Include="Engine.rc">
      <Filter>Graphics\Shader Files</Filter>
    </ResourceCompile>
  </ItemGroup>
</Project>