<?xml version="1.0" encoding="utf-8"?>
<Project ToolsVersion="4.0" xmlns="http://schemas.microsoft.com/developer/msbuild/2003">
  <ItemGroup>
    <Filter Include="Managers">
      <UniqueIdentifier>{f00b7dae-6134-4987-aa86-067f933e4e1c}</UniqueIdentifier>
    </Filter>
    <Filter Include="Utility">
      <UniqueIdentifier>{4FC737F1-C7A5-4376-A066-2A32D752A2FF}</UniqueIdentifier>
      <Extensions>cpp;c;cc;cxx;def;odl;idl;hpj;bat;asm;asmx</Extensions>
    </Filter>
    <Filter Include="Graphics">
      <UniqueIdentifier>{8c6e99a5-146b-4c36-b87e-e949fb8eae31}</UniqueIdentifier>
    </Filter>
    <Filter Include="Graphics\Shader Files">
      <UniqueIdentifier>{67DA6AB6-F800-4c08-8B7A-83BB121AAD01}</UniqueIdentifier>
      <Extensions>rc;ico;cur;bmp;dlg;rc2;rct;bin;rgs;gif;jpg;jpeg;jpe;resx;tiff;tif;png;wav;mfcribbon-ms</Extensions>
    </Filter>
    <Filter Include="Graphics\Shader Files\ColorShader">
      <UniqueIdentifier>{2a8e335d-6382-4db8-bc8a-016162e99cc7}</UniqueIdentifier>
    </Filter>
    <Filter Include="Game">
      <UniqueIdentifier>{3ce96684-e8b1-4bdd-b7b2-714705ffd91b}</UniqueIdentifier>
    </Filter>
    <Filter Include="Game\Screens">
      <UniqueIdentifier>{6623ff23-415d-4457-9cb4-d41fbee1b879}</UniqueIdentifier>
    </Filter>
    <Filter Include="Game\Objects">
      <UniqueIdentifier>{18048128-84d1-4aaf-bd0f-7606bc91e52c}</UniqueIdentifier>
    </Filter>
    <Filter Include="Graphics\Shader Files\TextureShader">
      <UniqueIdentifier>{60099e98-e76a-487e-8e7d-93e1635f1293}</UniqueIdentifier>
    </Filter>
    <Filter Include="Graphics\Graphic Types">
      <UniqueIdentifier>{dcc0d1e0-c38a-4fd1-95d9-9b80447c25fe}</UniqueIdentifier>
    </Filter>
  </ItemGroup>
  <ItemGroup>
    <ClCompile Include="Main.cpp">
      <Filter>Utility</Filter>
    </ClCompile>
    <ClCompile Include="SystemManager.cpp">
      <Filter>Managers</Filter>
    </ClCompile>
    <ClCompile Include="Util.cpp">
      <Filter>Utility</Filter>
    </ClCompile>
    <ClCompile Include="Coord.cpp">
      <Filter>Utility</Filter>
    </ClCompile>
    <ClCompile Include="GraphicsManager.cpp">
      <Filter>Managers</Filter>
    </ClCompile>
    <ClCompile Include="D3DManager.cpp">
      <Filter>Managers</Filter>
    </ClCompile>
    <ClCompile Include="InputManager.cpp">
      <Filter>Managers</Filter>
    </ClCompile>
    <ClCompile Include="Shader.cpp">
      <Filter>Graphics\Shader Files</Filter>
    </ClCompile>
    <ClCompile Include="ColorShader.cpp">
      <Filter>Graphics\Shader Files\ColorShader</Filter>
    </ClCompile>
    <ClCompile Include="GameManager.cpp">
      <Filter>Managers</Filter>
    </ClCompile>
    <ClCompile Include="Material.cpp">
      <Filter>Graphics</Filter>
    </ClCompile>
    <ClCompile Include="Texture.cpp">
      <Filter>Graphics</Filter>
    </ClCompile>
    <ClCompile Include="Model.cpp">
      <Filter>Graphics</Filter>
    </ClCompile>
    <ClCompile Include="TitleScreen.cpp">
      <Filter>Game\Screens</Filter>
    </ClCompile>
    <ClCompile Include="Camera.cpp">
      <Filter>Graphics</Filter>
    </ClCompile>
    <ClCompile Include="GameObject.cpp">
      <Filter>Game\Objects</Filter>
    </ClCompile>
    <ClCompile Include="TextureShader.cpp">
      <Filter>Graphics\Shader Files\TextureShader</Filter>
    </ClCompile>
    <ClCompile Include="Graphic.cpp">
      <Filter>Graphics\Graphic Types</Filter>
    </ClCompile>
    <ClCompile Include="Image.cpp">
      <Filter>Graphics\Graphic Types</Filter>
    </ClCompile>
    <ClCompile Include="Font.cpp">
      <Filter>Graphics</Filter>
    </ClCompile>
  </ItemGroup>
  <ItemGroup>
    <ClInclude Include="SystemManager.h">
      <Filter>Managers</Filter>
    </ClInclude>
    <ClInclude Include="Util.h">
      <Filter>Utility</Filter>
    </ClInclude>
    <ClInclude Include="Coord.h">
      <Filter>Utility</Filter>
    </ClInclude>
    <ClInclude Include="GraphicsManager.h">
      <Filter>Managers</Filter>
    </ClInclude>
    <ClInclude Include="D3DManager.h">
      <Filter>Managers</Filter>
    </ClInclude>
    <ClInclude Include="InputManager.h">
      <Filter>Managers</Filter>
    </ClInclude>
    <ClInclude Include="Shader.h">
      <Filter>Graphics\Shader Files</Filter>
    </ClInclude>
    <ClInclude Include="ColorShader.h">
      <Filter>Graphics\Shader Files\ColorShader</Filter>
    </ClInclude>
    <ClInclude Include="GameManager.h">
      <Filter>Managers</Filter>
    </ClInclude>
    <ClInclude Include="Screen.h">
      <Filter>Game\Screens</Filter>
    </ClInclude>
    <ClInclude Include="Material.h">
      <Filter>Graphics</Filter>
    </ClInclude>
    <ClInclude Include="Model.h">
      <Filter>Graphics</Filter>
    </ClInclude>
    <ClInclude Include="Texture.h">
      <Filter>Graphics</Filter>
    </ClInclude>
    <ClInclude Include="Singleton.h">
      <Filter>Utility</Filter>
    </ClInclude>
    <ClInclude Include="TitleScreen.h">
      <Filter>Game\Screens</Filter>
    </ClInclude>
    <ClInclude Include="Camera.h">
      <Filter>Graphics</Filter>
    </ClInclude>
    <ClInclude Include="GameObject.h">
      <Filter>Game\Objects</Filter>
    </ClInclude>
    <ClInclude Include="TextureShader.h">
      <Filter>Graphics\Shader Files\TextureShader</Filter>
    </ClInclude>
    <ClInclude Include="Graphic.h">
      <Filter>Graphics\Graphic Types</Filter>
    </ClInclude>
    <ClInclude Include="Image.h">
      <Filter>Graphics\Graphic Types</Filter>
    </ClInclude>
    <ClInclude Include="Font.h">
      <Filter>Graphics</Filter>
    </ClInclude>
    <ClInclude Include="resource.h" />
  </ItemGroup>
  <ItemGroup>
    <None Include="color.vs">
      <Filter>Graphics\Shader Files\ColorShader</Filter>
    </None>
    <None Include="color.ps">
      <Filter>Graphics\Shader Files\ColorShader</Filter>
    </None>
    <None Include="texture.ps">
      <Filter>Graphics\Shader Files\TextureShader</Filter>
    </None>
    <None Include="texture.vs">
      <Filter>Graphics\Shader Files\TextureShader</Filter>
    </None>
  </ItemGroup>
  <ItemGroup>
    <ResourceCompile Include="Engine.rc">
      <Filter>Graphics\Shader Files</Filter>
    </ResourceCompile>
  </ItemGroup>
</Project>